
Microsoft Visual Studio Solution File, Format Version 12.00
# Visual Studio 15
VisualStudioVersion = 15.0.28010.2036
MinimumVisualStudioVersion = 10.0.40219.1
Project("{8BC9CEB8-8B4A-11D0-8D11-00A0C91BC942}") = "qqqq", "qqqq\qqqq.vcxproj", "{B7BF17B6-01F9-4A00-87DD-9F42A49595BD}"
EndProject
Global
	GlobalSection(SolutionConfigurationPlatforms) = preSolution
		Debug|x64 = Debug|x64
		Debug|x86 = Debug|x86
		Release|x64 = Release|x64
		Release|x86 = Release|x86
	EndGlobalSection
	GlobalSection(ProjectConfigurationPlatforms) = postSolution
		{B7BF17B6-01F9-4A00-87DD-9F42A49595BD}.Debug|x64.ActiveCfg = Debug|x64
		{B7BF17B6-01F9-4A00-87DD-9F42A49595BD}.Debug|x64.Build.0 = Debug|x64
		{B7BF17B6-01F9-4A00-87DD-9F42A49595BD}.Debug|x86.ActiveCfg = Debug|Win32
		{B7BF17B6-01F9-4A00-87DD-9F42A49595BD}.Debug|x86.Build.0 = Debug|Win32
		{B7BF17B6-01F9-4A00-87DD-9F42A49595BD}.Release|x64.ActiveCfg = Release|x64
		{B7BF17B6-01F9-4A00-87DD-9F42A49595BD}.Release|x64.Build.0 = Release|x64
		{B7BF17B6-01F9-4A00-87DD-9F42A49595BD}.Release|x86.ActiveCfg = Release|Win32
		{B7BF17B6-01F9-4A00-87DD-9F42A49595BD}.Release|x86.Build.0 = Release|Win32
	EndGlobalSection
	GlobalSection(SolutionProperties) = preSolution
		HideSolutionNode = FALSE
	EndGlobalSection
	GlobalSection(ExtensibilityGlobals) = postSolution
		SolutionGuid = {D0772FB7-1119-4D4F-9F34-979DE1C968A5}
	EndGlobalSection
EndGlobal
